// !$*UTF8*$!
{
	archiveVersion = 1;
	classes = {
	};
	objectVersion = 50;
	objects = {

/* Begin PBXBuildFile section */
		3412B3BF2525B61200DA446D /* HomeBughApp.swift in Sources */ = {isa = PBXBuildFile; fileRef = 3412B3BE2525B61200DA446D /* HomeBughApp.swift */; };
		3412B3C32525B61400DA446D /* Assets.xcassets in Resources */ = {isa = PBXBuildFile; fileRef = 3412B3C22525B61400DA446D /* Assets.xcassets */; };
		3412B3C62525B61400DA446D /* Preview Assets.xcassets in Resources */ = {isa = PBXBuildFile; fileRef = 3412B3C52525B61400DA446D /* Preview Assets.xcassets */; };
		3412B3D12525B61400DA446D /* HomeBughTests.swift in Sources */ = {isa = PBXBuildFile; fileRef = 3412B3D02525B61400DA446D /* HomeBughTests.swift */; };
		3412B3DC2525B61400DA446D /* HomeBughUITests.swift in Sources */ = {isa = PBXBuildFile; fileRef = 3412B3DB2525B61400DA446D /* HomeBughUITests.swift */; };
		749836D52708EDD900954765 /* AuthTokenStorageTests.swift in Sources */ = {isa = PBXBuildFile; fileRef = 749836D42708EDD900954765 /* AuthTokenStorageTests.swift */; };
		9D3627DB270AF60C006D0268 /* CategoryView.swift in Sources */ = {isa = PBXBuildFile; fileRef = 9D3627DA270AF60C006D0268 /* CategoryView.swift */; };
		C10153832547015A0082845C /* AuthTokenStorage.swift in Sources */ = {isa = PBXBuildFile; fileRef = C10153822547015A0082845C /* AuthTokenStorage.swift */; };
		C132F5DA26139FE7004D889B /* String+Ext.swift in Sources */ = {isa = PBXBuildFile; fileRef = C132F5D926139FE7004D889B /* String+Ext.swift */; };
		C13FF73D29070C320015595E /* HBError.swift in Sources */ = {isa = PBXBuildFile; fileRef = C13FF73C29070C320015595E /* HBError.swift */; };
		C146892F254B01A8009CCAD1 /* AddTransactionView.swift in Sources */ = {isa = PBXBuildFile; fileRef = C146892E254B01A8009CCAD1 /* AddTransactionView.swift */; };
		C14EE79C253F0B4C00D63C67 /* Authentication.swift in Sources */ = {isa = PBXBuildFile; fileRef = C14EE79B253F0B4C00D63C67 /* Authentication.swift */; };
		C14EE7A1253F0B6500D63C67 /* Authorization.swift in Sources */ = {isa = PBXBuildFile; fileRef = C14EE7A0253F0B6500D63C67 /* Authorization.swift */; };
		C14EE7AC2540BD8E00D63C67 /* AppView.swift in Sources */ = {isa = PBXBuildFile; fileRef = C14EE7AB2540BD8E00D63C67 /* AppView.swift */; };
		C14EE7B12540BEB500D63C67 /* TransactionsView.swift in Sources */ = {isa = PBXBuildFile; fileRef = C14EE7B02540BEB500D63C67 /* TransactionsView.swift */; };
		C14EE7BC254214F600D63C67 /* TransactionCell.swift in Sources */ = {isa = PBXBuildFile; fileRef = C14EE7BB254214F600D63C67 /* TransactionCell.swift */; };
		C14EE7C12542193D00D63C67 /* Transaction.swift in Sources */ = {isa = PBXBuildFile; fileRef = C14EE7C02542193D00D63C67 /* Transaction.swift */; };
		C1502ABC261F38AA00544803 /* HTTPRequestResult.swift in Sources */ = {isa = PBXBuildFile; fileRef = C1502ABB261F38AA00544803 /* HTTPRequestResult.swift */; };
		C153C11C253226EA0064BD6D /* SettingsView.swift in Sources */ = {isa = PBXBuildFile; fileRef = C153C11B253226EA0064BD6D /* SettingsView.swift */; };
		C154795E2587A87A00E3B915 /* AccountCell.swift in Sources */ = {isa = PBXBuildFile; fileRef = C154795D2587A87A00E3B915 /* AccountCell.swift */; };
		C15D19F72705E213003B9952 /* NetworkManager.swift in Sources */ = {isa = PBXBuildFile; fileRef = C15D19F62705E213003B9952 /* NetworkManager.swift */; };
		C1685CCE273BF0040044C761 /* AccountViewModel.swift in Sources */ = {isa = PBXBuildFile; fileRef = C1685CCD273BF0040044C761 /* AccountViewModel.swift */; };
		C1685CD0273BF0AF0044C761 /* AccountData.swift in Sources */ = {isa = PBXBuildFile; fileRef = C1685CCF273BF0AF0044C761 /* AccountData.swift */; };
		C178D0962721DA160091CB76 /* CategoryViewModel.swift in Sources */ = {isa = PBXBuildFile; fileRef = C178D0952721DA160091CB76 /* CategoryViewModel.swift */; };
		C178D098272AC5330091CB76 /* CategoryData.swift in Sources */ = {isa = PBXBuildFile; fileRef = C178D097272AC5330091CB76 /* CategoryData.swift */; };
		C178D09A273164980091CB76 /* EmptyState.swift in Sources */ = {isa = PBXBuildFile; fileRef = C178D099273164980091CB76 /* EmptyState.swift */; };
		C17CC2E62613892D000C5F74 /* API.swift in Sources */ = {isa = PBXBuildFile; fileRef = C17CC2E52613892D000C5F74 /* API.swift */; };
		C17CC2EB26138966000C5F74 /* ApiEndpoint.swift in Sources */ = {isa = PBXBuildFile; fileRef = C17CC2EA26138966000C5F74 /* ApiEndpoint.swift */; };
		C17CC2F026138999000C5F74 /* HttpMethod.swift in Sources */ = {isa = PBXBuildFile; fileRef = C17CC2EF26138999000C5F74 /* HttpMethod.swift */; };
		C17CC2F526138BA1000C5F74 /* AppState.swift in Sources */ = {isa = PBXBuildFile; fileRef = C17CC2F426138BA1000C5F74 /* AppState.swift */; };
		C17CC2FA26138C03000C5F74 /* User.swift in Sources */ = {isa = PBXBuildFile; fileRef = C17CC2F926138C03000C5F74 /* User.swift */; };
		C19D875F252B315700B2433F /* ContentView.swift in Sources */ = {isa = PBXBuildFile; fileRef = C19D875E252B315700B2433F /* ContentView.swift */; };
		C1D32D0F270C2F5C00662E49 /* View+Ext.swift in Sources */ = {isa = PBXBuildFile; fileRef = C1D32D0E270C2F5C00662E49 /* View+Ext.swift */; };
		C1DA6CAF2587A55A00679706 /* AccountView.swift in Sources */ = {isa = PBXBuildFile; fileRef = C1DA6CAE2587A55A00679706 /* AccountView.swift */; };
		C1E0BD9E25273D9000B2850C /* LoginView.swift in Sources */ = {isa = PBXBuildFile; fileRef = C1E0BD9D25273D9000B2850C /* LoginView.swift */; };
		C1E0BDC52527982000B2850C /* SignUpView.swift in Sources */ = {isa = PBXBuildFile; fileRef = C1E0BDC42527982000B2850C /* SignUpView.swift */; };
/* End PBXBuildFile section */

/* Begin PBXContainerItemProxy section */
		3412B3CD2525B61400DA446D /* PBXContainerItemProxy */ = {
			isa = PBXContainerItemProxy;
			containerPortal = 3412B3B32525B61200DA446D /* Project object */;
			proxyType = 1;
			remoteGlobalIDString = 3412B3BA2525B61200DA446D;
			remoteInfo = HomeBugh;
		};
		3412B3D82525B61400DA446D /* PBXContainerItemProxy */ = {
			isa = PBXContainerItemProxy;
			containerPortal = 3412B3B32525B61200DA446D /* Project object */;
			proxyType = 1;
			remoteGlobalIDString = 3412B3BA2525B61200DA446D;
			remoteInfo = HomeBugh;
		};
/* End PBXContainerItemProxy section */

/* Begin PBXFileReference section */
		3412B3BB2525B61200DA446D /* HomeBugh.app */ = {isa = PBXFileReference; explicitFileType = wrapper.application; includeInIndex = 0; path = HomeBugh.app; sourceTree = BUILT_PRODUCTS_DIR; };
		3412B3BE2525B61200DA446D /* HomeBughApp.swift */ = {isa = PBXFileReference; lastKnownFileType = sourcecode.swift; path = HomeBughApp.swift; sourceTree = "<group>"; };
		3412B3C22525B61400DA446D /* Assets.xcassets */ = {isa = PBXFileReference; lastKnownFileType = folder.assetcatalog; path = Assets.xcassets; sourceTree = "<group>"; };
		3412B3C52525B61400DA446D /* Preview Assets.xcassets */ = {isa = PBXFileReference; lastKnownFileType = folder.assetcatalog; path = "Preview Assets.xcassets"; sourceTree = "<group>"; };
		3412B3C72525B61400DA446D /* Info.plist */ = {isa = PBXFileReference; lastKnownFileType = text.plist.xml; path = Info.plist; sourceTree = "<group>"; };
		3412B3CC2525B61400DA446D /* HomeBughTests.xctest */ = {isa = PBXFileReference; explicitFileType = wrapper.cfbundle; includeInIndex = 0; path = HomeBughTests.xctest; sourceTree = BUILT_PRODUCTS_DIR; };
		3412B3D02525B61400DA446D /* HomeBughTests.swift */ = {isa = PBXFileReference; lastKnownFileType = sourcecode.swift; path = HomeBughTests.swift; sourceTree = "<group>"; };
		3412B3D22525B61400DA446D /* Info.plist */ = {isa = PBXFileReference; lastKnownFileType = text.plist.xml; path = Info.plist; sourceTree = "<group>"; };
		3412B3D72525B61400DA446D /* HomeBughUITests.xctest */ = {isa = PBXFileReference; explicitFileType = wrapper.cfbundle; includeInIndex = 0; path = HomeBughUITests.xctest; sourceTree = BUILT_PRODUCTS_DIR; };
		3412B3DB2525B61400DA446D /* HomeBughUITests.swift */ = {isa = PBXFileReference; lastKnownFileType = sourcecode.swift; path = HomeBughUITests.swift; sourceTree = "<group>"; };
		3412B3DD2525B61400DA446D /* Info.plist */ = {isa = PBXFileReference; lastKnownFileType = text.plist.xml; path = Info.plist; sourceTree = "<group>"; };
		749836D42708EDD900954765 /* AuthTokenStorageTests.swift */ = {isa = PBXFileReference; lastKnownFileType = sourcecode.swift; path = AuthTokenStorageTests.swift; sourceTree = "<group>"; };
		9D3627DA270AF60C006D0268 /* CategoryView.swift */ = {isa = PBXFileReference; lastKnownFileType = sourcecode.swift; path = CategoryView.swift; sourceTree = "<group>"; };
		C10153822547015A0082845C /* AuthTokenStorage.swift */ = {isa = PBXFileReference; lastKnownFileType = sourcecode.swift; path = AuthTokenStorage.swift; sourceTree = "<group>"; };
		C132F5D926139FE7004D889B /* String+Ext.swift */ = {isa = PBXFileReference; lastKnownFileType = sourcecode.swift; path = "String+Ext.swift"; sourceTree = "<group>"; };
		C13FF73C29070C320015595E /* HBError.swift */ = {isa = PBXFileReference; lastKnownFileType = sourcecode.swift; path = HBError.swift; sourceTree = "<group>"; };
		C146892E254B01A8009CCAD1 /* AddTransactionView.swift */ = {isa = PBXFileReference; lastKnownFileType = sourcecode.swift; path = AddTransactionView.swift; sourceTree = "<group>"; };
		C14EE79B253F0B4C00D63C67 /* Authentication.swift */ = {isa = PBXFileReference; lastKnownFileType = sourcecode.swift; path = Authentication.swift; sourceTree = "<group>"; };
		C14EE7A0253F0B6500D63C67 /* Authorization.swift */ = {isa = PBXFileReference; lastKnownFileType = sourcecode.swift; path = Authorization.swift; sourceTree = "<group>"; };
		C14EE7AB2540BD8E00D63C67 /* AppView.swift */ = {isa = PBXFileReference; lastKnownFileType = sourcecode.swift; path = AppView.swift; sourceTree = "<group>"; };
		C14EE7B02540BEB500D63C67 /* TransactionsView.swift */ = {isa = PBXFileReference; lastKnownFileType = sourcecode.swift; path = TransactionsView.swift; sourceTree = "<group>"; };
		C14EE7BB254214F600D63C67 /* TransactionCell.swift */ = {isa = PBXFileReference; lastKnownFileType = sourcecode.swift; path = TransactionCell.swift; sourceTree = "<group>"; };
		C14EE7C02542193D00D63C67 /* Transaction.swift */ = {isa = PBXFileReference; lastKnownFileType = sourcecode.swift; path = Transaction.swift; sourceTree = "<group>"; };
		C1502ABB261F38AA00544803 /* HTTPRequestResult.swift */ = {isa = PBXFileReference; lastKnownFileType = sourcecode.swift; path = HTTPRequestResult.swift; sourceTree = "<group>"; };
		C153C11B253226EA0064BD6D /* SettingsView.swift */ = {isa = PBXFileReference; lastKnownFileType = sourcecode.swift; path = SettingsView.swift; sourceTree = "<group>"; };
		C154795D2587A87A00E3B915 /* AccountCell.swift */ = {isa = PBXFileReference; lastKnownFileType = sourcecode.swift; path = AccountCell.swift; sourceTree = "<group>"; };
		C15D19F62705E213003B9952 /* NetworkManager.swift */ = {isa = PBXFileReference; lastKnownFileType = sourcecode.swift; path = NetworkManager.swift; sourceTree = "<group>"; };
		C1685CCD273BF0040044C761 /* AccountViewModel.swift */ = {isa = PBXFileReference; lastKnownFileType = sourcecode.swift; path = AccountViewModel.swift; sourceTree = "<group>"; };
		C1685CCF273BF0AF0044C761 /* AccountData.swift */ = {isa = PBXFileReference; lastKnownFileType = sourcecode.swift; path = AccountData.swift; sourceTree = "<group>"; };
		C178D0952721DA160091CB76 /* CategoryViewModel.swift */ = {isa = PBXFileReference; lastKnownFileType = sourcecode.swift; path = CategoryViewModel.swift; sourceTree = "<group>"; };
		C178D097272AC5330091CB76 /* CategoryData.swift */ = {isa = PBXFileReference; lastKnownFileType = sourcecode.swift; path = CategoryData.swift; sourceTree = "<group>"; };
		C178D099273164980091CB76 /* EmptyState.swift */ = {isa = PBXFileReference; lastKnownFileType = sourcecode.swift; path = EmptyState.swift; sourceTree = "<group>"; };
		C17CC2E52613892D000C5F74 /* API.swift */ = {isa = PBXFileReference; lastKnownFileType = sourcecode.swift; path = API.swift; sourceTree = "<group>"; };
		C17CC2EA26138966000C5F74 /* ApiEndpoint.swift */ = {isa = PBXFileReference; lastKnownFileType = sourcecode.swift; path = ApiEndpoint.swift; sourceTree = "<group>"; };
		C17CC2EF26138999000C5F74 /* HttpMethod.swift */ = {isa = PBXFileReference; lastKnownFileType = sourcecode.swift; path = HttpMethod.swift; sourceTree = "<group>"; };
		C17CC2F426138BA1000C5F74 /* AppState.swift */ = {isa = PBXFileReference; lastKnownFileType = sourcecode.swift; path = AppState.swift; sourceTree = "<group>"; };
		C17CC2F926138C03000C5F74 /* User.swift */ = {isa = PBXFileReference; lastKnownFileType = sourcecode.swift; path = User.swift; sourceTree = "<group>"; };
		C19D875E252B315700B2433F /* ContentView.swift */ = {isa = PBXFileReference; lastKnownFileType = sourcecode.swift; path = ContentView.swift; sourceTree = "<group>"; };
		C1D32D0E270C2F5C00662E49 /* View+Ext.swift */ = {isa = PBXFileReference; lastKnownFileType = sourcecode.swift; path = "View+Ext.swift"; sourceTree = "<group>"; };
		C1DA6CAE2587A55A00679706 /* AccountView.swift */ = {isa = PBXFileReference; lastKnownFileType = sourcecode.swift; path = AccountView.swift; sourceTree = "<group>"; };
		C1E0BD9D25273D9000B2850C /* LoginView.swift */ = {isa = PBXFileReference; lastKnownFileType = sourcecode.swift; path = LoginView.swift; sourceTree = "<group>"; };
		C1E0BDC42527982000B2850C /* SignUpView.swift */ = {isa = PBXFileReference; lastKnownFileType = sourcecode.swift; path = SignUpView.swift; sourceTree = "<group>"; };
/* End PBXFileReference section */

/* Begin PBXFrameworksBuildPhase section */
		3412B3B82525B61200DA446D /* Frameworks */ = {
			isa = PBXFrameworksBuildPhase;
			buildActionMask = 2147483647;
			files = (
			);
			runOnlyForDeploymentPostprocessing = 0;
		};
		3412B3C92525B61400DA446D /* Frameworks */ = {
			isa = PBXFrameworksBuildPhase;
			buildActionMask = 2147483647;
			files = (
			);
			runOnlyForDeploymentPostprocessing = 0;
		};
		3412B3D42525B61400DA446D /* Frameworks */ = {
			isa = PBXFrameworksBuildPhase;
			buildActionMask = 2147483647;
			files = (
			);
			runOnlyForDeploymentPostprocessing = 0;
		};
/* End PBXFrameworksBuildPhase section */

/* Begin PBXGroup section */
		3412B3B22525B61200DA446D = {
			isa = PBXGroup;
			children = (
				3412B3BD2525B61200DA446D /* HomeBugh */,
				3412B3CF2525B61400DA446D /* HomeBughTests */,
				3412B3DA2525B61400DA446D /* HomeBughUITests */,
				3412B3BC2525B61200DA446D /* Products */,
			);
			sourceTree = "<group>";
		};
		3412B3BC2525B61200DA446D /* Products */ = {
			isa = PBXGroup;
			children = (
				3412B3BB2525B61200DA446D /* HomeBugh.app */,
				3412B3CC2525B61400DA446D /* HomeBughTests.xctest */,
				3412B3D72525B61400DA446D /* HomeBughUITests.xctest */,
			);
			name = Products;
			sourceTree = "<group>";
		};
		3412B3BD2525B61200DA446D /* HomeBugh */ = {
			isa = PBXGroup;
			children = (
				C178D09D273168830091CB76 /* Custom Views */,
				C157BCF926139C21006839DC /* Model */,
				C1A2AD9E281A9176006BE81D /* Screens */,
				C1A2AD9A281A8D10006BE81D /* Utilities */,
				3412B3BE2525B61200DA446D /* HomeBughApp.swift */,
				3412B3C22525B61400DA446D /* Assets.xcassets */,
				3412B3C72525B61400DA446D /* Info.plist */,
				3412B3C42525B61400DA446D /* Preview Content */,
			);
			path = HomeBugh;
			sourceTree = "<group>";
		};
		3412B3C42525B61400DA446D /* Preview Content */ = {
			isa = PBXGroup;
			children = (
				3412B3C52525B61400DA446D /* Preview Assets.xcassets */,
			);
			path = "Preview Content";
			sourceTree = "<group>";
		};
		3412B3CF2525B61400DA446D /* HomeBughTests */ = {
			isa = PBXGroup;
			children = (
				3412B3D02525B61400DA446D /* HomeBughTests.swift */,
				749836D42708EDD900954765 /* AuthTokenStorageTests.swift */,
				3412B3D22525B61400DA446D /* Info.plist */,
			);
			path = HomeBughTests;
			sourceTree = "<group>";
		};
		3412B3DA2525B61400DA446D /* HomeBughUITests */ = {
			isa = PBXGroup;
			children = (
				3412B3DB2525B61400DA446D /* HomeBughUITests.swift */,
				3412B3DD2525B61400DA446D /* Info.plist */,
			);
			path = HomeBughUITests;
			sourceTree = "<group>";
		};
		C132F5E72613B5A3004D889B /* Extensions */ = {
			isa = PBXGroup;
			children = (
				C132F5D926139FE7004D889B /* String+Ext.swift */,
				C1D32D0E270C2F5C00662E49 /* View+Ext.swift */,
			);
			path = Extensions;
			sourceTree = "<group>";
		};
		C13FF73B29070BC10015595E /* Alerts */ = {
			isa = PBXGroup;
			children = (
				C13FF73C29070C320015595E /* HBError.swift */,
			);
			path = Alerts;
			sourceTree = "<group>";
		};
		C157BCF926139C21006839DC /* Model */ = {
			isa = PBXGroup;
			children = (
				C1685CCF273BF0AF0044C761 /* AccountData.swift */,
				C178D097272AC5330091CB76 /* CategoryData.swift */,
				C14EE7C02542193D00D63C67 /* Transaction.swift */,
				C17CC2F926138C03000C5F74 /* User.swift */,
			);
			path = Model;
			sourceTree = "<group>";
		};
		C16A6E63273BE8C300F1B0B2 /* AccountView */ = {
			isa = PBXGroup;
			children = (
				C1DA6CAE2587A55A00679706 /* AccountView.swift */,
				C1685CCD273BF0040044C761 /* AccountViewModel.swift */,
				C154795D2587A87A00E3B915 /* AccountCell.swift */,
			);
			path = AccountView;
			sourceTree = "<group>";
		};
		C178D09D273168830091CB76 /* Custom Views */ = {
			isa = PBXGroup;
			children = (
				C178D099273164980091CB76 /* EmptyState.swift */,
			);
			path = "Custom Views";
			sourceTree = "<group>";
		};
		C178D09E273168C70091CB76 /* CategoryView */ = {
			isa = PBXGroup;
			children = (
				9D3627DA270AF60C006D0268 /* CategoryView.swift */,
				C178D0952721DA160091CB76 /* CategoryViewModel.swift */,
			);
			path = CategoryView;
			sourceTree = "<group>";
		};
		C1A2AD9A281A8D10006BE81D /* Utilities */ = {
			isa = PBXGroup;
			children = (
				C17CC2F426138BA1000C5F74 /* AppState.swift */,
				C10153822547015A0082845C /* AuthTokenStorage.swift */,
				C13FF73B29070BC10015595E /* Alerts */,
				C132F5E72613B5A3004D889B /* Extensions */,
				C1A2AD9B281A8D64006BE81D /* Managers */,
			);
			path = Utilities;
			sourceTree = "<group>";
		};
		C1A2AD9B281A8D64006BE81D /* Managers */ = {
			isa = PBXGroup;
			children = (
				C1A2AD9D281A9113006BE81D /* Network Manager */,
			);
			path = Managers;
			sourceTree = "<group>";
		};
		C1A2AD9D281A9113006BE81D /* Network Manager */ = {
			isa = PBXGroup;
			children = (
				C17CC2E52613892D000C5F74 /* API.swift */,
				C17CC2EA26138966000C5F74 /* ApiEndpoint.swift */,
				C17CC2EF26138999000C5F74 /* HttpMethod.swift */,
				C1502ABB261F38AA00544803 /* HTTPRequestResult.swift */,
				C15D19F62705E213003B9952 /* NetworkManager.swift */,
			);
			path = "Network Manager";
			sourceTree = "<group>";
		};
		C1A2AD9E281A9176006BE81D /* Screens */ = {
			isa = PBXGroup;
			children = (
				C14EE7AB2540BD8E00D63C67 /* AppView.swift */,
				C19D875E252B315700B2433F /* ContentView.swift */,
				C16A6E63273BE8C300F1B0B2 /* AccountView */,
				C178D09E273168C70091CB76 /* CategoryView */,
				C1A2AD9F281A91A8006BE81D /* LoginView */,
				C1A2ADA0281A91CC006BE81D /* TransactionsView */,
				C1A2ADA2281A94B3006BE81D /* SettingsView */,
				C1A2ADA1281A9405006BE81D /* SignUpView */,
			);
			path = Screens;
			sourceTree = "<group>";
		};
		C1A2AD9F281A91A8006BE81D /* LoginView */ = {
			isa = PBXGroup;
			children = (
				C14EE79B253F0B4C00D63C67 /* Authentication.swift */,
				C1E0BD9D25273D9000B2850C /* LoginView.swift */,
			);
			path = LoginView;
			sourceTree = "<group>";
		};
		C1A2ADA0281A91CC006BE81D /* TransactionsView */ = {
			isa = PBXGroup;
			children = (
				C146892E254B01A8009CCAD1 /* AddTransactionView.swift */,
				C14EE7B02540BEB500D63C67 /* TransactionsView.swift */,
				C14EE7BB254214F600D63C67 /* TransactionCell.swift */,
			);
			path = TransactionsView;
			sourceTree = "<group>";
		};
		C1A2ADA1281A9405006BE81D /* SignUpView */ = {
			isa = PBXGroup;
			children = (
				C14EE7A0253F0B6500D63C67 /* Authorization.swift */,
				C1E0BDC42527982000B2850C /* SignUpView.swift */,
			);
			path = SignUpView;
			sourceTree = "<group>";
		};
		C1A2ADA2281A94B3006BE81D /* SettingsView */ = {
			isa = PBXGroup;
			children = (
				C153C11B253226EA0064BD6D /* SettingsView.swift */,
			);
			path = SettingsView;
			sourceTree = "<group>";
		};
/* End PBXGroup section */

/* Begin PBXNativeTarget section */
		3412B3BA2525B61200DA446D /* HomeBugh */ = {
			isa = PBXNativeTarget;
			buildConfigurationList = 3412B3E02525B61400DA446D /* Build configuration list for PBXNativeTarget "HomeBugh" */;
			buildPhases = (
				3412B3B72525B61200DA446D /* Sources */,
				3412B3B82525B61200DA446D /* Frameworks */,
				3412B3B92525B61200DA446D /* Resources */,
			);
			buildRules = (
			);
			dependencies = (
			);
			name = HomeBugh;
			productName = HomeBugh;
			productReference = 3412B3BB2525B61200DA446D /* HomeBugh.app */;
			productType = "com.apple.product-type.application";
		};
		3412B3CB2525B61400DA446D /* HomeBughTests */ = {
			isa = PBXNativeTarget;
			buildConfigurationList = 3412B3E32525B61400DA446D /* Build configuration list for PBXNativeTarget "HomeBughTests" */;
			buildPhases = (
				3412B3C82525B61400DA446D /* Sources */,
				3412B3C92525B61400DA446D /* Frameworks */,
				3412B3CA2525B61400DA446D /* Resources */,
			);
			buildRules = (
			);
			dependencies = (
				3412B3CE2525B61400DA446D /* PBXTargetDependency */,
			);
			name = HomeBughTests;
			productName = HomeBughTests;
			productReference = 3412B3CC2525B61400DA446D /* HomeBughTests.xctest */;
			productType = "com.apple.product-type.bundle.unit-test";
		};
		3412B3D62525B61400DA446D /* HomeBughUITests */ = {
			isa = PBXNativeTarget;
			buildConfigurationList = 3412B3E62525B61400DA446D /* Build configuration list for PBXNativeTarget "HomeBughUITests" */;
			buildPhases = (
				3412B3D32525B61400DA446D /* Sources */,
				3412B3D42525B61400DA446D /* Frameworks */,
				3412B3D52525B61400DA446D /* Resources */,
			);
			buildRules = (
			);
			dependencies = (
				3412B3D92525B61400DA446D /* PBXTargetDependency */,
			);
			name = HomeBughUITests;
			productName = HomeBughUITests;
			productReference = 3412B3D72525B61400DA446D /* HomeBughUITests.xctest */;
			productType = "com.apple.product-type.bundle.ui-testing";
		};
/* End PBXNativeTarget section */

/* Begin PBXProject section */
		3412B3B32525B61200DA446D /* Project object */ = {
			isa = PBXProject;
			attributes = {
				LastSwiftUpdateCheck = 1200;
				LastUpgradeCheck = 1200;
				TargetAttributes = {
					3412B3BA2525B61200DA446D = {
						CreatedOnToolsVersion = 12.0.1;
					};
					3412B3CB2525B61400DA446D = {
						CreatedOnToolsVersion = 12.0.1;
						TestTargetID = 3412B3BA2525B61200DA446D;
					};
					3412B3D62525B61400DA446D = {
						CreatedOnToolsVersion = 12.0.1;
						TestTargetID = 3412B3BA2525B61200DA446D;
					};
				};
			};
			buildConfigurationList = 3412B3B62525B61200DA446D /* Build configuration list for PBXProject "HomeBugh" */;
			compatibilityVersion = "Xcode 9.3";
			developmentRegion = en;
			hasScannedForEncodings = 0;
			knownRegions = (
				en,
				Base,
			);
			mainGroup = 3412B3B22525B61200DA446D;
			productRefGroup = 3412B3BC2525B61200DA446D /* Products */;
			projectDirPath = "";
			projectRoot = "";
			targets = (
				3412B3BA2525B61200DA446D /* HomeBugh */,
				3412B3CB2525B61400DA446D /* HomeBughTests */,
				3412B3D62525B61400DA446D /* HomeBughUITests */,
			);
		};
/* End PBXProject section */

/* Begin PBXResourcesBuildPhase section */
		3412B3B92525B61200DA446D /* Resources */ = {
			isa = PBXResourcesBuildPhase;
			buildActionMask = 2147483647;
			files = (
				3412B3C62525B61400DA446D /* Preview Assets.xcassets in Resources */,
				3412B3C32525B61400DA446D /* Assets.xcassets in Resources */,
			);
			runOnlyForDeploymentPostprocessing = 0;
		};
		3412B3CA2525B61400DA446D /* Resources */ = {
			isa = PBXResourcesBuildPhase;
			buildActionMask = 2147483647;
			files = (
			);
			runOnlyForDeploymentPostprocessing = 0;
		};
		3412B3D52525B61400DA446D /* Resources */ = {
			isa = PBXResourcesBuildPhase;
			buildActionMask = 2147483647;
			files = (
			);
			runOnlyForDeploymentPostprocessing = 0;
		};
/* End PBXResourcesBuildPhase section */

/* Begin PBXSourcesBuildPhase section */
		3412B3B72525B61200DA446D /* Sources */ = {
			isa = PBXSourcesBuildPhase;
			buildActionMask = 2147483647;
			files = (
				C15D19F72705E213003B9952 /* NetworkManager.swift in Sources */,
				C14EE7C12542193D00D63C67 /* Transaction.swift in Sources */,
				C1E0BD9E25273D9000B2850C /* LoginView.swift in Sources */,
				C17CC2F526138BA1000C5F74 /* AppState.swift in Sources */,
				C17CC2EB26138966000C5F74 /* ApiEndpoint.swift in Sources */,
				C1E0BDC52527982000B2850C /* SignUpView.swift in Sources */,
				C17CC2F026138999000C5F74 /* HttpMethod.swift in Sources */,
				C1D32D0F270C2F5C00662E49 /* View+Ext.swift in Sources */,
				C19D875F252B315700B2433F /* ContentView.swift in Sources */,
				C1DA6CAF2587A55A00679706 /* AccountView.swift in Sources */,
				C17CC2FA26138C03000C5F74 /* User.swift in Sources */,
				C153C11C253226EA0064BD6D /* SettingsView.swift in Sources */,
				C178D0962721DA160091CB76 /* CategoryViewModel.swift in Sources */,
				C132F5DA26139FE7004D889B /* String+Ext.swift in Sources */,
				C14EE7AC2540BD8E00D63C67 /* AppView.swift in Sources */,
				C178D09A273164980091CB76 /* EmptyState.swift in Sources */,
				9D3627DB270AF60C006D0268 /* CategoryView.swift in Sources */,
				C14EE7B12540BEB500D63C67 /* TransactionsView.swift in Sources */,
				C178D098272AC5330091CB76 /* CategoryData.swift in Sources */,
				3412B3BF2525B61200DA446D /* HomeBughApp.swift in Sources */,
				C1502ABC261F38AA00544803 /* HTTPRequestResult.swift in Sources */,
				C14EE7A1253F0B6500D63C67 /* Authorization.swift in Sources */,
				C1685CCE273BF0040044C761 /* AccountViewModel.swift in Sources */,
				C14EE7BC254214F600D63C67 /* TransactionCell.swift in Sources */,
				C154795E2587A87A00E3B915 /* AccountCell.swift in Sources */,
				C13FF73D29070C320015595E /* HBError.swift in Sources */,
				C1685CD0273BF0AF0044C761 /* AccountData.swift in Sources */,
				C146892F254B01A8009CCAD1 /* AddTransactionView.swift in Sources */,
				C10153832547015A0082845C /* AuthTokenStorage.swift in Sources */,
				C17CC2E62613892D000C5F74 /* API.swift in Sources */,
				C14EE79C253F0B4C00D63C67 /* Authentication.swift in Sources */,
			);
			runOnlyForDeploymentPostprocessing = 0;
		};
		3412B3C82525B61400DA446D /* Sources */ = {
			isa = PBXSourcesBuildPhase;
			buildActionMask = 2147483647;
			files = (
				3412B3D12525B61400DA446D /* HomeBughTests.swift in Sources */,
				749836D52708EDD900954765 /* AuthTokenStorageTests.swift in Sources */,
			);
			runOnlyForDeploymentPostprocessing = 0;
		};
		3412B3D32525B61400DA446D /* Sources */ = {
			isa = PBXSourcesBuildPhase;
			buildActionMask = 2147483647;
			files = (
				3412B3DC2525B61400DA446D /* HomeBughUITests.swift in Sources */,
			);
			runOnlyForDeploymentPostprocessing = 0;
		};
/* End PBXSourcesBuildPhase section */

/* Begin PBXTargetDependency section */
		3412B3CE2525B61400DA446D /* PBXTargetDependency */ = {
			isa = PBXTargetDependency;
			target = 3412B3BA2525B61200DA446D /* HomeBugh */;
			targetProxy = 3412B3CD2525B61400DA446D /* PBXContainerItemProxy */;
		};
		3412B3D92525B61400DA446D /* PBXTargetDependency */ = {
			isa = PBXTargetDependency;
			target = 3412B3BA2525B61200DA446D /* HomeBugh */;
			targetProxy = 3412B3D82525B61400DA446D /* PBXContainerItemProxy */;
		};
/* End PBXTargetDependency section */

/* Begin XCBuildConfiguration section */
		3412B3DE2525B61400DA446D /* Debug */ = {
			isa = XCBuildConfiguration;
			buildSettings = {
				ALWAYS_SEARCH_USER_PATHS = NO;
				CLANG_ANALYZER_NONNULL = YES;
				CLANG_ANALYZER_NUMBER_OBJECT_CONVERSION = YES_AGGRESSIVE;
				CLANG_CXX_LANGUAGE_STANDARD = "gnu++14";
				CLANG_CXX_LIBRARY = "libc++";
				CLANG_ENABLE_MODULES = YES;
				CLANG_ENABLE_OBJC_ARC = YES;
				CLANG_ENABLE_OBJC_WEAK = YES;
				CLANG_WARN_BLOCK_CAPTURE_AUTORELEASING = YES;
				CLANG_WARN_BOOL_CONVERSION = YES;
				CLANG_WARN_COMMA = YES;
				CLANG_WARN_CONSTANT_CONVERSION = YES;
				CLANG_WARN_DEPRECATED_OBJC_IMPLEMENTATIONS = YES;
				CLANG_WARN_DIRECT_OBJC_ISA_USAGE = YES_ERROR;
				CLANG_WARN_DOCUMENTATION_COMMENTS = YES;
				CLANG_WARN_EMPTY_BODY = YES;
				CLANG_WARN_ENUM_CONVERSION = YES;
				CLANG_WARN_INFINITE_RECURSION = YES;
				CLANG_WARN_INT_CONVERSION = YES;
				CLANG_WARN_NON_LITERAL_NULL_CONVERSION = YES;
				CLANG_WARN_OBJC_IMPLICIT_RETAIN_SELF = YES;
				CLANG_WARN_OBJC_LITERAL_CONVERSION = YES;
				CLANG_WARN_OBJC_ROOT_CLASS = YES_ERROR;
				CLANG_WARN_QUOTED_INCLUDE_IN_FRAMEWORK_HEADER = YES;
				CLANG_WARN_RANGE_LOOP_ANALYSIS = YES;
				CLANG_WARN_STRICT_PROTOTYPES = YES;
				CLANG_WARN_SUSPICIOUS_MOVE = YES;
				CLANG_WARN_UNGUARDED_AVAILABILITY = YES_AGGRESSIVE;
				CLANG_WARN_UNREACHABLE_CODE = YES;
				CLANG_WARN__DUPLICATE_METHOD_MATCH = YES;
				COPY_PHASE_STRIP = NO;
				DEBUG_INFORMATION_FORMAT = dwarf;
				ENABLE_STRICT_OBJC_MSGSEND = YES;
				ENABLE_TESTABILITY = YES;
				GCC_C_LANGUAGE_STANDARD = gnu11;
				GCC_DYNAMIC_NO_PIC = NO;
				GCC_NO_COMMON_BLOCKS = YES;
				GCC_OPTIMIZATION_LEVEL = 0;
				GCC_PREPROCESSOR_DEFINITIONS = (
					"DEBUG=1",
					"$(inherited)",
				);
				GCC_WARN_64_TO_32_BIT_CONVERSION = YES;
				GCC_WARN_ABOUT_RETURN_TYPE = YES_ERROR;
				GCC_WARN_UNDECLARED_SELECTOR = YES;
				GCC_WARN_UNINITIALIZED_AUTOS = YES_AGGRESSIVE;
				GCC_WARN_UNUSED_FUNCTION = YES;
				GCC_WARN_UNUSED_VARIABLE = YES;
				IPHONEOS_DEPLOYMENT_TARGET = 15.0;
				MTL_ENABLE_DEBUG_INFO = INCLUDE_SOURCE;
				MTL_FAST_MATH = YES;
				ONLY_ACTIVE_ARCH = YES;
				SDKROOT = iphoneos;
				SWIFT_ACTIVE_COMPILATION_CONDITIONS = DEBUG;
				SWIFT_OPTIMIZATION_LEVEL = "-Onone";
			};
			name = Debug;
		};
		3412B3DF2525B61400DA446D /* Release */ = {
			isa = XCBuildConfiguration;
			buildSettings = {
				ALWAYS_SEARCH_USER_PATHS = NO;
				CLANG_ANALYZER_NONNULL = YES;
				CLANG_ANALYZER_NUMBER_OBJECT_CONVERSION = YES_AGGRESSIVE;
				CLANG_CXX_LANGUAGE_STANDARD = "gnu++14";
				CLANG_CXX_LIBRARY = "libc++";
				CLANG_ENABLE_MODULES = YES;
				CLANG_ENABLE_OBJC_ARC = YES;
				CLANG_ENABLE_OBJC_WEAK = YES;
				CLANG_WARN_BLOCK_CAPTURE_AUTORELEASING = YES;
				CLANG_WARN_BOOL_CONVERSION = YES;
				CLANG_WARN_COMMA = YES;
				CLANG_WARN_CONSTANT_CONVERSION = YES;
				CLANG_WARN_DEPRECATED_OBJC_IMPLEMENTATIONS = YES;
				CLANG_WARN_DIRECT_OBJC_ISA_USAGE = YES_ERROR;
				CLANG_WARN_DOCUMENTATION_COMMENTS = YES;
				CLANG_WARN_EMPTY_BODY = YES;
				CLANG_WARN_ENUM_CONVERSION = YES;
				CLANG_WARN_INFINITE_RECURSION = YES;
				CLANG_WARN_INT_CONVERSION = YES;
				CLANG_WARN_NON_LITERAL_NULL_CONVERSION = YES;
				CLANG_WARN_OBJC_IMPLICIT_RETAIN_SELF = YES;
				CLANG_WARN_OBJC_LITERAL_CONVERSION = YES;
				CLANG_WARN_OBJC_ROOT_CLASS = YES_ERROR;
				CLANG_WARN_QUOTED_INCLUDE_IN_FRAMEWORK_HEADER = YES;
				CLANG_WARN_RANGE_LOOP_ANALYSIS = YES;
				CLANG_WARN_STRICT_PROTOTYPES = YES;
				CLANG_WARN_SUSPICIOUS_MOVE = YES;
				CLANG_WARN_UNGUARDED_AVAILABILITY = YES_AGGRESSIVE;
				CLANG_WARN_UNREACHABLE_CODE = YES;
				CLANG_WARN__DUPLICATE_METHOD_MATCH = YES;
				COPY_PHASE_STRIP = NO;
				DEBUG_INFORMATION_FORMAT = "dwarf-with-dsym";
				ENABLE_NS_ASSERTIONS = NO;
				ENABLE_STRICT_OBJC_MSGSEND = YES;
				GCC_C_LANGUAGE_STANDARD = gnu11;
				GCC_NO_COMMON_BLOCKS = YES;
				GCC_WARN_64_TO_32_BIT_CONVERSION = YES;
				GCC_WARN_ABOUT_RETURN_TYPE = YES_ERROR;
				GCC_WARN_UNDECLARED_SELECTOR = YES;
				GCC_WARN_UNINITIALIZED_AUTOS = YES_AGGRESSIVE;
				GCC_WARN_UNUSED_FUNCTION = YES;
				GCC_WARN_UNUSED_VARIABLE = YES;
				IPHONEOS_DEPLOYMENT_TARGET = 15.0;
				MTL_ENABLE_DEBUG_INFO = NO;
				MTL_FAST_MATH = YES;
				SDKROOT = iphoneos;
				SWIFT_COMPILATION_MODE = wholemodule;
				SWIFT_OPTIMIZATION_LEVEL = "-O";
				VALIDATE_PRODUCT = YES;
			};
			name = Release;
		};
		3412B3E12525B61400DA446D /* Debug */ = {
			isa = XCBuildConfiguration;
			buildSettings = {
				ASSETCATALOG_COMPILER_APPICON_NAME = AppIcon;
				ASSETCATALOG_COMPILER_GLOBAL_ACCENT_COLOR_NAME = AccentColor;
				CODE_SIGN_STYLE = Automatic;
				DEVELOPMENT_ASSET_PATHS = "\"HomeBugh/Preview Content\"";
				DEVELOPMENT_TEAM = 9487RPB949;
				ENABLE_PREVIEWS = YES;
				INFOPLIST_FILE = HomeBugh/Info.plist;
				IPHONEOS_DEPLOYMENT_TARGET = 15.0;
				LD_RUNPATH_SEARCH_PATHS = (
					"$(inherited)",
					"@executable_path/Frameworks",
				);
				PRODUCT_BUNDLE_IDENTIFIER = ck3g.tatarinteva.natalia.HomeBugh;
				PRODUCT_NAME = "$(TARGET_NAME)";
				SWIFT_VERSION = 5.0;
				TARGETED_DEVICE_FAMILY = "1,2";
			};
			name = Debug;
		};
		3412B3E22525B61400DA446D /* Release */ = {
			isa = XCBuildConfiguration;
			buildSettings = {
				ASSETCATALOG_COMPILER_APPICON_NAME = AppIcon;
				ASSETCATALOG_COMPILER_GLOBAL_ACCENT_COLOR_NAME = AccentColor;
				CODE_SIGN_STYLE = Automatic;
				DEVELOPMENT_ASSET_PATHS = "\"HomeBugh/Preview Content\"";
				DEVELOPMENT_TEAM = 9487RPB949;
				ENABLE_PREVIEWS = YES;
				INFOPLIST_FILE = HomeBugh/Info.plist;
				IPHONEOS_DEPLOYMENT_TARGET = 15.0;
				LD_RUNPATH_SEARCH_PATHS = (
					"$(inherited)",
					"@executable_path/Frameworks",
				);
				PRODUCT_BUNDLE_IDENTIFIER = ck3g.tatarinteva.natalia.HomeBugh;
				PRODUCT_NAME = "$(TARGET_NAME)";
				SWIFT_VERSION = 5.0;
				TARGETED_DEVICE_FAMILY = "1,2";
			};
			name = Release;
		};
		3412B3E42525B61400DA446D /* Debug */ = {
			isa = XCBuildConfiguration;
			buildSettings = {
				ALWAYS_EMBED_SWIFT_STANDARD_LIBRARIES = YES;
				BUNDLE_LOADER = "$(TEST_HOST)";
				CODE_SIGN_STYLE = Automatic;
				DEVELOPMENT_TEAM = 9487RPB949;
				INFOPLIST_FILE = HomeBughTests/Info.plist;
				IPHONEOS_DEPLOYMENT_TARGET = 15.0;
				LD_RUNPATH_SEARCH_PATHS = (
					"$(inherited)",
					"@executable_path/Frameworks",
					"@loader_path/Frameworks",
				);
				PRODUCT_BUNDLE_IDENTIFIER = ck3g.tatarinteva.natalia.HomeBughTests;
				PRODUCT_NAME = "$(TARGET_NAME)";
				SWIFT_VERSION = 5.0;
				TARGETED_DEVICE_FAMILY = "1,2";
				TEST_HOST = "$(BUILT_PRODUCTS_DIR)/HomeBugh.app/HomeBugh";
			};
			name = Debug;
		};
		3412B3E52525B61400DA446D /* Release */ = {
			isa = XCBuildConfiguration;
			buildSettings = {
				ALWAYS_EMBED_SWIFT_STANDARD_LIBRARIES = YES;
				BUNDLE_LOADER = "$(TEST_HOST)";
				CODE_SIGN_STYLE = Automatic;
				DEVELOPMENT_TEAM = 9487RPB949;
				INFOPLIST_FILE = HomeBughTests/Info.plist;
				IPHONEOS_DEPLOYMENT_TARGET = 15.0;
				LD_RUNPATH_SEARCH_PATHS = (
					"$(inherited)",
					"@executable_path/Frameworks",
					"@loader_path/Frameworks",
				);
				PRODUCT_BUNDLE_IDENTIFIER = ck3g.tatarinteva.natalia.HomeBughTests;
				PRODUCT_NAME = "$(TARGET_NAME)";
				SWIFT_VERSION = 5.0;
				TARGETED_DEVICE_FAMILY = "1,2";
				TEST_HOST = "$(BUILT_PRODUCTS_DIR)/HomeBugh.app/HomeBugh";
			};
			name = Release;
		};
		3412B3E72525B61400DA446D /* Debug */ = {
			isa = XCBuildConfiguration;
			buildSettings = {
				ALWAYS_EMBED_SWIFT_STANDARD_LIBRARIES = YES;
				CODE_SIGN_STYLE = Automatic;
				DEVELOPMENT_TEAM = 9487RPB949;
				INFOPLIST_FILE = HomeBughUITests/Info.plist;
				LD_RUNPATH_SEARCH_PATHS = (
					"$(inherited)",
					"@executable_path/Frameworks",
					"@loader_path/Frameworks",
				);
				PRODUCT_BUNDLE_IDENTIFIER = ck3g.tatarinteva.natalia.HomeBughUITests;
				PRODUCT_NAME = "$(TARGET_NAME)";
				SWIFT_VERSION = 5.0;
				TARGETED_DEVICE_FAMILY = "1,2";
				TEST_TARGET_NAME = HomeBugh;
			};
			name = Debug;
		};
		3412B3E82525B61400DA446D /* Release */ = {
			isa = XCBuildConfiguration;
			buildSettings = {
				ALWAYS_EMBED_SWIFT_STANDARD_LIBRARIES = YES;
				CODE_SIGN_STYLE = Automatic;
				DEVELOPMENT_TEAM = 9487RPB949;
				INFOPLIST_FILE = HomeBughUITests/Info.plist;
				LD_RUNPATH_SEARCH_PATHS = (
					"$(inherited)",
					"@executable_path/Frameworks",
					"@loader_path/Frameworks",
				);
				PRODUCT_BUNDLE_IDENTIFIER = ck3g.tatarinteva.natalia.HomeBughUITests;
				PRODUCT_NAME = "$(TARGET_NAME)";
				SWIFT_VERSION = 5.0;
				TARGETED_DEVICE_FAMILY = "1,2";
				TEST_TARGET_NAME = HomeBugh;
			};
			name = Release;
		};
/* End XCBuildConfiguration section */

/* Begin XCConfigurationList section */
		3412B3B62525B61200DA446D /* Build configuration list for PBXProject "HomeBugh" */ = {
			isa = XCConfigurationList;
			buildConfigurations = (
				3412B3DE2525B61400DA446D /* Debug */,
				3412B3DF2525B61400DA446D /* Release */,
			);
			defaultConfigurationIsVisible = 0;
			defaultConfigurationName = Release;
		};
		3412B3E02525B61400DA446D /* Build configuration list for PBXNativeTarget "HomeBugh" */ = {
			isa = XCConfigurationList;
			buildConfigurations = (
				3412B3E12525B61400DA446D /* Debug */,
				3412B3E22525B61400DA446D /* Release */,
			);
			defaultConfigurationIsVisible = 0;
			defaultConfigurationName = Release;
		};
		3412B3E32525B61400DA446D /* Build configuration list for PBXNativeTarget "HomeBughTests" */ = {
			isa = XCConfigurationList;
			buildConfigurations = (
				3412B3E42525B61400DA446D /* Debug */,
				3412B3E52525B61400DA446D /* Release */,
			);
			defaultConfigurationIsVisible = 0;
			defaultConfigurationName = Release;
		};
		3412B3E62525B61400DA446D /* Build configuration list for PBXNativeTarget "HomeBughUITests" */ = {
			isa = XCConfigurationList;
			buildConfigurations = (
				3412B3E72525B61400DA446D /* Debug */,
				3412B3E82525B61400DA446D /* Release */,
			);
			defaultConfigurationIsVisible = 0;
			defaultConfigurationName = Release;
		};
/* End XCConfigurationList section */
	};
	rootObject = 3412B3B32525B61200DA446D /* Project object */;
}
