// !$*UTF8*$!
{
	archiveVersion = 1;
	classes = {
	};
	objectVersion = 50;
	objects = {

/* Begin PBXBuildFile section */
		3412B3BF2525B61200DA446D /* HomeBughApp.swift in Sources */ = {isa = PBXBuildFile; fileRef = 3412B3BE2525B61200DA446D /* HomeBughApp.swift */; };
		3412B3C32525B61400DA446D /* Assets.xcassets in Resources */ = {isa = PBXBuildFile; fileRef = 3412B3C22525B61400DA446D /* Assets.xcassets */; };
		3412B3C62525B61400DA446D /* Preview Assets.xcassets in Resources */ = {isa = PBXBuildFile; fileRef = 3412B3C52525B61400DA446D /* Preview Assets.xcassets */; };
		3412B3D12525B61400DA446D /* HomeBughTests.swift in Sources */ = {isa = PBXBuildFile; fileRef = 3412B3D02525B61400DA446D /* HomeBughTests.swift */; };
		3412B3DC2525B61400DA446D /* HomeBughUITests.swift in Sources */ = {isa = PBXBuildFile; fileRef = 3412B3DB2525B61400DA446D /* HomeBughUITests.swift */; };
		C10153832547015A0082845C /* AuthToken.swift in Sources */ = {isa = PBXBuildFile; fileRef = C10153822547015A0082845C /* AuthToken.swift */; };
		C146892F254B01A8009CCAD1 /* AddTransactionView.swift in Sources */ = {isa = PBXBuildFile; fileRef = C146892E254B01A8009CCAD1 /* AddTransactionView.swift */; };
		C14EE79C253F0B4C00D63C67 /* Authentication.swift in Sources */ = {isa = PBXBuildFile; fileRef = C14EE79B253F0B4C00D63C67 /* Authentication.swift */; };
		C14EE7A1253F0B6500D63C67 /* Authorization.swift in Sources */ = {isa = PBXBuildFile; fileRef = C14EE7A0253F0B6500D63C67 /* Authorization.swift */; };
		C14EE7AC2540BD8E00D63C67 /* AppView.swift in Sources */ = {isa = PBXBuildFile; fileRef = C14EE7AB2540BD8E00D63C67 /* AppView.swift */; };
		C14EE7B12540BEB500D63C67 /* TransactionsView.swift in Sources */ = {isa = PBXBuildFile; fileRef = C14EE7B02540BEB500D63C67 /* TransactionsView.swift */; };
		C14EE7BC254214F600D63C67 /* TransactionCell.swift in Sources */ = {isa = PBXBuildFile; fileRef = C14EE7BB254214F600D63C67 /* TransactionCell.swift */; };
		C14EE7C12542193D00D63C67 /* Transaction.swift in Sources */ = {isa = PBXBuildFile; fileRef = C14EE7C02542193D00D63C67 /* Transaction.swift */; };
		C153C11C253226EA0064BD6D /* MainView.swift in Sources */ = {isa = PBXBuildFile; fileRef = C153C11B253226EA0064BD6D /* MainView.swift */; };
		C19D875F252B315700B2433F /* ContentView.swift in Sources */ = {isa = PBXBuildFile; fileRef = C19D875E252B315700B2433F /* ContentView.swift */; };
		C1E0BD9E25273D9000B2850C /* LoginView.swift in Sources */ = {isa = PBXBuildFile; fileRef = C1E0BD9D25273D9000B2850C /* LoginView.swift */; };
		C1E0BDC52527982000B2850C /* SignUpView.swift in Sources */ = {isa = PBXBuildFile; fileRef = C1E0BDC42527982000B2850C /* SignUpView.swift */; };
/* End PBXBuildFile section */

/* Begin PBXContainerItemProxy section */
		3412B3CD2525B61400DA446D /* PBXContainerItemProxy */ = {
			isa = PBXContainerItemProxy;
			containerPortal = 3412B3B32525B61200DA446D /* Project object */;
			proxyType = 1;
			remoteGlobalIDString = 3412B3BA2525B61200DA446D;
			remoteInfo = HomeBugh;
		};
		3412B3D82525B61400DA446D /* PBXContainerItemProxy */ = {
			isa = PBXContainerItemProxy;
			containerPortal = 3412B3B32525B61200DA446D /* Project object */;
			proxyType = 1;
			remoteGlobalIDString = 3412B3BA2525B61200DA446D;
			remoteInfo = HomeBugh;
		};
/* End PBXContainerItemProxy section */

/* Begin PBXFileReference section */
		3412B3BB2525B61200DA446D /* HomeBugh.app */ = {isa = PBXFileReference; explicitFileType = wrapper.application; includeInIndex = 0; path = HomeBugh.app; sourceTree = BUILT_PRODUCTS_DIR; };
		3412B3BE2525B61200DA446D /* HomeBughApp.swift */ = {isa = PBXFileReference; lastKnownFileType = sourcecode.swift; path = HomeBughApp.swift; sourceTree = "<group>"; };
		3412B3C22525B61400DA446D /* Assets.xcassets */ = {isa = PBXFileReference; lastKnownFileType = folder.assetcatalog; path = Assets.xcassets; sourceTree = "<group>"; };
		3412B3C52525B61400DA446D /* Preview Assets.xcassets */ = {isa = PBXFileReference; lastKnownFileType = folder.assetcatalog; path = "Preview Assets.xcassets"; sourceTree = "<group>"; };
		3412B3C72525B61400DA446D /* Info.plist */ = {isa = PBXFileReference; lastKnownFileType = text.plist.xml; path = Info.plist; sourceTree = "<group>"; };
		3412B3CC2525B61400DA446D /* HomeBughTests.xctest */ = {isa = PBXFileReference; explicitFileType = wrapper.cfbundle; includeInIndex = 0; path = HomeBughTests.xctest; sourceTree = BUILT_PRODUCTS_DIR; };
		3412B3D02525B61400DA446D /* HomeBughTests.swift */ = {isa = PBXFileReference; lastKnownFileType = sourcecode.swift; path = HomeBughTests.swift; sourceTree = "<group>"; };
		3412B3D22525B61400DA446D /* Info.plist */ = {isa = PBXFileReference; lastKnownFileType = text.plist.xml; path = Info.plist; sourceTree = "<group>"; };
		3412B3D72525B61400DA446D /* HomeBughUITests.xctest */ = {isa = PBXFileReference; explicitFileType = wrapper.cfbundle; includeInIndex = 0; path = HomeBughUITests.xctest; sourceTree = BUILT_PRODUCTS_DIR; };
		3412B3DB2525B61400DA446D /* HomeBughUITests.swift */ = {isa = PBXFileReference; lastKnownFileType = sourcecode.swift; path = HomeBughUITests.swift; sourceTree = "<group>"; };
		3412B3DD2525B61400DA446D /* Info.plist */ = {isa = PBXFileReference; lastKnownFileType = text.plist.xml; path = Info.plist; sourceTree = "<group>"; };
		C10153822547015A0082845C /* AuthToken.swift */ = {isa = PBXFileReference; lastKnownFileType = sourcecode.swift; path = AuthToken.swift; sourceTree = "<group>"; };
		C146892E254B01A8009CCAD1 /* AddTransactionView.swift */ = {isa = PBXFileReference; lastKnownFileType = sourcecode.swift; path = AddTransactionView.swift; sourceTree = "<group>"; };
		C14EE79B253F0B4C00D63C67 /* Authentication.swift */ = {isa = PBXFileReference; lastKnownFileType = sourcecode.swift; path = Authentication.swift; sourceTree = "<group>"; };
		C14EE7A0253F0B6500D63C67 /* Authorization.swift */ = {isa = PBXFileReference; lastKnownFileType = sourcecode.swift; path = Authorization.swift; sourceTree = "<group>"; };
		C14EE7AB2540BD8E00D63C67 /* AppView.swift */ = {isa = PBXFileReference; lastKnownFileType = sourcecode.swift; path = AppView.swift; sourceTree = "<group>"; };
		C14EE7B02540BEB500D63C67 /* TransactionsView.swift */ = {isa = PBXFileReference; lastKnownFileType = sourcecode.swift; path = TransactionsView.swift; sourceTree = "<group>"; };
		C14EE7BB254214F600D63C67 /* TransactionCell.swift */ = {isa = PBXFileReference; lastKnownFileType = sourcecode.swift; path = TransactionCell.swift; sourceTree = "<group>"; };
		C14EE7C02542193D00D63C67 /* Transaction.swift */ = {isa = PBXFileReference; lastKnownFileType = sourcecode.swift; path = Transaction.swift; sourceTree = "<group>"; };
		C153C11B253226EA0064BD6D /* MainView.swift */ = {isa = PBXFileReference; lastKnownFileType = sourcecode.swift; path = MainView.swift; sourceTree = "<group>"; };
		C19D875E252B315700B2433F /* ContentView.swift */ = {isa = PBXFileReference; lastKnownFileType = sourcecode.swift; path = ContentView.swift; sourceTree = "<group>"; };
		C1E0BD9D25273D9000B2850C /* LoginView.swift */ = {isa = PBXFileReference; lastKnownFileType = sourcecode.swift; path = LoginView.swift; sourceTree = "<group>"; };
		C1E0BDC42527982000B2850C /* SignUpView.swift */ = {isa = PBXFileReference; lastKnownFileType = sourcecode.swift; path = SignUpView.swift; sourceTree = "<group>"; };
/* End PBXFileReference section */

/* Begin PBXFrameworksBuildPhase section */
		3412B3B82525B61200DA446D /* Frameworks */ = {
			isa = PBXFrameworksBuildPhase;
			buildActionMask = 2147483647;
			files = (
			);
			runOnlyForDeploymentPostprocessing = 0;
		};
		3412B3C92525B61400DA446D /* Frameworks */ = {
			isa = PBXFrameworksBuildPhase;
			buildActionMask = 2147483647;
			files = (
			);
			runOnlyForDeploymentPostprocessing = 0;
		};
		3412B3D42525B61400DA446D /* Frameworks */ = {
			isa = PBXFrameworksBuildPhase;
			buildActionMask = 2147483647;
			files = (
			);
			runOnlyForDeploymentPostprocessing = 0;
		};
/* End PBXFrameworksBuildPhase section */

/* Begin PBXGroup section */
		3412B3B22525B61200DA446D = {
			isa = PBXGroup;
			children = (
				3412B3BD2525B61200DA446D /* HomeBugh */,
				3412B3CF2525B61400DA446D /* HomeBughTests */,
				3412B3DA2525B61400DA446D /* HomeBughUITests */,
				3412B3BC2525B61200DA446D /* Products */,
			);
			sourceTree = "<group>";
		};
		3412B3BC2525B61200DA446D /* Products */ = {
			isa = PBXGroup;
			children = (
				3412B3BB2525B61200DA446D /* HomeBugh.app */,
				3412B3CC2525B61400DA446D /* HomeBughTests.xctest */,
				3412B3D72525B61400DA446D /* HomeBughUITests.xctest */,
			);
			name = Products;
			sourceTree = "<group>";
		};
		3412B3BD2525B61200DA446D /* HomeBugh */ = {
			isa = PBXGroup;
			children = (
				3412B3BE2525B61200DA446D /* HomeBughApp.swift */,
				C19D875E252B315700B2433F /* ContentView.swift */,
				C1E0BD9D25273D9000B2850C /* LoginView.swift */,
				C153C11B253226EA0064BD6D /* MainView.swift */,
				C1E0BDC42527982000B2850C /* SignUpView.swift */,
				3412B3C22525B61400DA446D /* Assets.xcassets */,
				3412B3C72525B61400DA446D /* Info.plist */,
				3412B3C42525B61400DA446D /* Preview Content */,
				C14EE79B253F0B4C00D63C67 /* Authentication.swift */,
				C14EE7A0253F0B6500D63C67 /* Authorization.swift */,
				C14EE7AB2540BD8E00D63C67 /* AppView.swift */,
				C14EE7B02540BEB500D63C67 /* TransactionsView.swift */,
				C14EE7BB254214F600D63C67 /* TransactionCell.swift */,
				C14EE7C02542193D00D63C67 /* Transaction.swift */,
				C10153822547015A0082845C /* AuthToken.swift */,
				C146892E254B01A8009CCAD1 /* AddTransactionView.swift */,
			);
			path = HomeBugh;
			sourceTree = "<group>";
		};
		3412B3C42525B61400DA446D /* Preview Content */ = {
			isa = PBXGroup;
			children = (
				3412B3C52525B61400DA446D /* Preview Assets.xcassets */,
			);
			path = "Preview Content";
			sourceTree = "<group>";
		};
		3412B3CF2525B61400DA446D /* HomeBughTests */ = {
			isa = PBXGroup;
			children = (
				3412B3D02525B61400DA446D /* HomeBughTests.swift */,
				3412B3D22525B61400DA446D /* Info.plist */,
			);
			path = HomeBughTests;
			sourceTree = "<group>";
		};
		3412B3DA2525B61400DA446D /* HomeBughUITests */ = {
			isa = PBXGroup;
			children = (
				3412B3DB2525B61400DA446D /* HomeBughUITests.swift */,
				3412B3DD2525B61400DA446D /* Info.plist */,
			);
			path = HomeBughUITests;
			sourceTree = "<group>";
		};
/* End PBXGroup section */

/* Begin PBXNativeTarget section */
		3412B3BA2525B61200DA446D /* HomeBugh */ = {
			isa = PBXNativeTarget;
			buildConfigurationList = 3412B3E02525B61400DA446D /* Build configuration list for PBXNativeTarget "HomeBugh" */;
			buildPhases = (
				3412B3B72525B61200DA446D /* Sources */,
				3412B3B82525B61200DA446D /* Frameworks */,
				3412B3B92525B61200DA446D /* Resources */,
			);
			buildRules = (
			);
			dependencies = (
			);
			name = HomeBugh;
			productName = HomeBugh;
			productReference = 3412B3BB2525B61200DA446D /* HomeBugh.app */;
			productType = "com.apple.product-type.application";
		};
		3412B3CB2525B61400DA446D /* HomeBughTests */ = {
			isa = PBXNativeTarget;
			buildConfigurationList = 3412B3E32525B61400DA446D /* Build configuration list for PBXNativeTarget "HomeBughTests" */;
			buildPhases = (
				3412B3C82525B61400DA446D /* Sources */,
				3412B3C92525B61400DA446D /* Frameworks */,
				3412B3CA2525B61400DA446D /* Resources */,
			);
			buildRules = (
			);
			dependencies = (
				3412B3CE2525B61400DA446D /* PBXTargetDependency */,
			);
			name = HomeBughTests;
			productName = HomeBughTests;
			productReference = 3412B3CC2525B61400DA446D /* HomeBughTests.xctest */;
			productType = "com.apple.product-type.bundle.unit-test";
		};
		3412B3D62525B61400DA446D /* HomeBughUITests */ = {
			isa = PBXNativeTarget;
			buildConfigurationList = 3412B3E62525B61400DA446D /* Build configuration list for PBXNativeTarget "HomeBughUITests" */;
			buildPhases = (
				3412B3D32525B61400DA446D /* Sources */,
				3412B3D42525B61400DA446D /* Frameworks */,
				3412B3D52525B61400DA446D /* Resources */,
			);
			buildRules = (
			);
			dependencies = (
				3412B3D92525B61400DA446D /* PBXTargetDependency */,
			);
			name = HomeBughUITests;
			productName = HomeBughUITests;
			productReference = 3412B3D72525B61400DA446D /* HomeBughUITests.xctest */;
			productType = "com.apple.product-type.bundle.ui-testing";
		};
/* End PBXNativeTarget section */

/* Begin PBXProject section */
		3412B3B32525B61200DA446D /* Project object */ = {
			isa = PBXProject;
			attributes = {
				LastSwiftUpdateCheck = 1200;
				LastUpgradeCheck = 1200;
				TargetAttributes = {
					3412B3BA2525B61200DA446D = {
						CreatedOnToolsVersion = 12.0.1;
					};
					3412B3CB2525B61400DA446D = {
						CreatedOnToolsVersion = 12.0.1;
						TestTargetID = 3412B3BA2525B61200DA446D;
					};
					3412B3D62525B61400DA446D = {
						CreatedOnToolsVersion = 12.0.1;
						TestTargetID = 3412B3BA2525B61200DA446D;
					};
				};
			};
			buildConfigurationList = 3412B3B62525B61200DA446D /* Build configuration list for PBXProject "HomeBugh" */;
			compatibilityVersion = "Xcode 9.3";
			developmentRegion = en;
			hasScannedForEncodings = 0;
			knownRegions = (
				en,
				Base,
			);
			mainGroup = 3412B3B22525B61200DA446D;
			productRefGroup = 3412B3BC2525B61200DA446D /* Products */;
			projectDirPath = "";
			projectRoot = "";
			targets = (
				3412B3BA2525B61200DA446D /* HomeBugh */,
				3412B3CB2525B61400DA446D /* HomeBughTests */,
				3412B3D62525B61400DA446D /* HomeBughUITests */,
			);
		};
/* End PBXProject section */

/* Begin PBXResourcesBuildPhase section */
		3412B3B92525B61200DA446D /* Resources */ = {
			isa = PBXResourcesBuildPhase;
			buildActionMask = 2147483647;
			files = (
				3412B3C62525B61400DA446D /* Preview Assets.xcassets in Resources */,
				3412B3C32525B61400DA446D /* Assets.xcassets in Resources */,
			);
			runOnlyForDeploymentPostprocessing = 0;
		};
		3412B3CA2525B61400DA446D /* Resources */ = {
			isa = PBXResourcesBuildPhase;
			buildActionMask = 2147483647;
			files = (
			);
			runOnlyForDeploymentPostprocessing = 0;
		};
		3412B3D52525B61400DA446D /* Resources */ = {
			isa = PBXResourcesBuildPhase;
			buildActionMask = 2147483647;
			files = (
			);
			runOnlyForDeploymentPostprocessing = 0;
		};
/* End PBXResourcesBuildPhase section */

/* Begin PBXSourcesBuildPhase section */
		3412B3B72525B61200DA446D /* Sources */ = {
			isa = PBXSourcesBuildPhase;
			buildActionMask = 2147483647;
			files = (
				C14EE7C12542193D00D63C67 /* Transaction.swift in Sources */,
				C1E0BD9E25273D9000B2850C /* LoginView.swift in Sources */,
				C1E0BDC52527982000B2850C /* SignUpView.swift in Sources */,
				C19D875F252B315700B2433F /* ContentView.swift in Sources */,
				C153C11C253226EA0064BD6D /* MainView.swift in Sources */,
				C14EE7AC2540BD8E00D63C67 /* AppView.swift in Sources */,
				C14EE7B12540BEB500D63C67 /* TransactionsView.swift in Sources */,
				3412B3BF2525B61200DA446D /* HomeBughApp.swift in Sources */,
				C14EE7A1253F0B6500D63C67 /* Authorization.swift in Sources */,
				C14EE7BC254214F600D63C67 /* TransactionCell.swift in Sources */,
				C146892F254B01A8009CCAD1 /* AddTransactionView.swift in Sources */,
				C10153832547015A0082845C /* AuthToken.swift in Sources */,
				C14EE79C253F0B4C00D63C67 /* Authentication.swift in Sources */,
			);
			runOnlyForDeploymentPostprocessing = 0;
		};
		3412B3C82525B61400DA446D /* Sources */ = {
			isa = PBXSourcesBuildPhase;
			buildActionMask = 2147483647;
			files = (
				3412B3D12525B61400DA446D /* HomeBughTests.swift in Sources */,
			);
			runOnlyForDeploymentPostprocessing = 0;
		};
		3412B3D32525B61400DA446D /* Sources */ = {
			isa = PBXSourcesBuildPhase;
			buildActionMask = 2147483647;
			files = (
				3412B3DC2525B61400DA446D /* HomeBughUITests.swift in Sources */,
			);
			runOnlyForDeploymentPostprocessing = 0;
		};
/* End PBXSourcesBuildPhase section */

/* Begin PBXTargetDependency section */
		3412B3CE2525B61400DA446D /* PBXTargetDependency */ = {
			isa = PBXTargetDependency;
			target = 3412B3BA2525B61200DA446D /* HomeBugh */;
			targetProxy = 3412B3CD2525B61400DA446D /* PBXContainerItemProxy */;
		};
		3412B3D92525B61400DA446D /* PBXTargetDependency */ = {
			isa = PBXTargetDependency;
			target = 3412B3BA2525B61200DA446D /* HomeBugh */;
			targetProxy = 3412B3D82525B61400DA446D /* PBXContainerItemProxy */;
		};
/* End PBXTargetDependency section */

/* Begin XCBuildConfiguration section */
		3412B3DE2525B61400DA446D /* Debug */ = {
			isa = XCBuildConfiguration;
			buildSettings = {
				ALWAYS_SEARCH_USER_PATHS = NO;
				CLANG_ANALYZER_NONNULL = YES;
				CLANG_ANALYZER_NUMBER_OBJECT_CONVERSION = YES_AGGRESSIVE;
				CLANG_CXX_LANGUAGE_STANDARD = "gnu++14";
				CLANG_CXX_LIBRARY = "libc++";
				CLANG_ENABLE_MODULES = YES;
				CLANG_ENABLE_OBJC_ARC = YES;
				CLANG_ENABLE_OBJC_WEAK = YES;
				CLANG_WARN_BLOCK_CAPTURE_AUTORELEASING = YES;
				CLANG_WARN_BOOL_CONVERSION = YES;
				CLANG_WARN_COMMA = YES;
				CLANG_WARN_CONSTANT_CONVERSION = YES;
				CLANG_WARN_DEPRECATED_OBJC_IMPLEMENTATIONS = YES;
				CLANG_WARN_DIRECT_OBJC_ISA_USAGE = YES_ERROR;
				CLANG_WARN_DOCUMENTATION_COMMENTS = YES;
				CLANG_WARN_EMPTY_BODY = YES;
				CLANG_WARN_ENUM_CONVERSION = YES;
				CLANG_WARN_INFINITE_RECURSION = YES;
				CLANG_WARN_INT_CONVERSION = YES;
				CLANG_WARN_NON_LITERAL_NULL_CONVERSION = YES;
				CLANG_WARN_OBJC_IMPLICIT_RETAIN_SELF = YES;
				CLANG_WARN_OBJC_LITERAL_CONVERSION = YES;
				CLANG_WARN_OBJC_ROOT_CLASS = YES_ERROR;
				CLANG_WARN_QUOTED_INCLUDE_IN_FRAMEWORK_HEADER = YES;
				CLANG_WARN_RANGE_LOOP_ANALYSIS = YES;
				CLANG_WARN_STRICT_PROTOTYPES = YES;
				CLANG_WARN_SUSPICIOUS_MOVE = YES;
				CLANG_WARN_UNGUARDED_AVAILABILITY = YES_AGGRESSIVE;
				CLANG_WARN_UNREACHABLE_CODE = YES;
				CLANG_WARN__DUPLICATE_METHOD_MATCH = YES;
				COPY_PHASE_STRIP = NO;
				DEBUG_INFORMATION_FORMAT = dwarf;
				ENABLE_STRICT_OBJC_MSGSEND = YES;
				ENABLE_TESTABILITY = YES;
				GCC_C_LANGUAGE_STANDARD = gnu11;
				GCC_DYNAMIC_NO_PIC = NO;
				GCC_NO_COMMON_BLOCKS = YES;
				GCC_OPTIMIZATION_LEVEL = 0;
				GCC_PREPROCESSOR_DEFINITIONS = (
					"DEBUG=1",
					"$(inherited)",
				);
				GCC_WARN_64_TO_32_BIT_CONVERSION = YES;
				GCC_WARN_ABOUT_RETURN_TYPE = YES_ERROR;
				GCC_WARN_UNDECLARED_SELECTOR = YES;
				GCC_WARN_UNINITIALIZED_AUTOS = YES_AGGRESSIVE;
				GCC_WARN_UNUSED_FUNCTION = YES;
				GCC_WARN_UNUSED_VARIABLE = YES;
				IPHONEOS_DEPLOYMENT_TARGET = 14.0;
				MTL_ENABLE_DEBUG_INFO = INCLUDE_SOURCE;
				MTL_FAST_MATH = YES;
				ONLY_ACTIVE_ARCH = YES;
				SDKROOT = iphoneos;
				SWIFT_ACTIVE_COMPILATION_CONDITIONS = DEBUG;
				SWIFT_OPTIMIZATION_LEVEL = "-Onone";
			};
			name = Debug;
		};
		3412B3DF2525B61400DA446D /* Release */ = {
			isa = XCBuildConfiguration;
			buildSettings = {
				ALWAYS_SEARCH_USER_PATHS = NO;
				CLANG_ANALYZER_NONNULL = YES;
				CLANG_ANALYZER_NUMBER_OBJECT_CONVERSION = YES_AGGRESSIVE;
				CLANG_CXX_LANGUAGE_STANDARD = "gnu++14";
				CLANG_CXX_LIBRARY = "libc++";
				CLANG_ENABLE_MODULES = YES;
				CLANG_ENABLE_OBJC_ARC = YES;
				CLANG_ENABLE_OBJC_WEAK = YES;
				CLANG_WARN_BLOCK_CAPTURE_AUTORELEASING = YES;
				CLANG_WARN_BOOL_CONVERSION = YES;
				CLANG_WARN_COMMA = YES;
				CLANG_WARN_CONSTANT_CONVERSION = YES;
				CLANG_WARN_DEPRECATED_OBJC_IMPLEMENTATIONS = YES;
				CLANG_WARN_DIRECT_OBJC_ISA_USAGE = YES_ERROR;
				CLANG_WARN_DOCUMENTATION_COMMENTS = YES;
				CLANG_WARN_EMPTY_BODY = YES;
				CLANG_WARN_ENUM_CONVERSION = YES;
				CLANG_WARN_INFINITE_RECURSION = YES;
				CLANG_WARN_INT_CONVERSION = YES;
				CLANG_WARN_NON_LITERAL_NULL_CONVERSION = YES;
				CLANG_WARN_OBJC_IMPLICIT_RETAIN_SELF = YES;
				CLANG_WARN_OBJC_LITERAL_CONVERSION = YES;
				CLANG_WARN_OBJC_ROOT_CLASS = YES_ERROR;
				CLANG_WARN_QUOTED_INCLUDE_IN_FRAMEWORK_HEADER = YES;
				CLANG_WARN_RANGE_LOOP_ANALYSIS = YES;
				CLANG_WARN_STRICT_PROTOTYPES = YES;
				CLANG_WARN_SUSPICIOUS_MOVE = YES;
				CLANG_WARN_UNGUARDED_AVAILABILITY = YES_AGGRESSIVE;
				CLANG_WARN_UNREACHABLE_CODE = YES;
				CLANG_WARN__DUPLICATE_METHOD_MATCH = YES;
				COPY_PHASE_STRIP = NO;
				DEBUG_INFORMATION_FORMAT = "dwarf-with-dsym";
				ENABLE_NS_ASSERTIONS = NO;
				ENABLE_STRICT_OBJC_MSGSEND = YES;
				GCC_C_LANGUAGE_STANDARD = gnu11;
				GCC_NO_COMMON_BLOCKS = YES;
				GCC_WARN_64_TO_32_BIT_CONVERSION = YES;
				GCC_WARN_ABOUT_RETURN_TYPE = YES_ERROR;
				GCC_WARN_UNDECLARED_SELECTOR = YES;
				GCC_WARN_UNINITIALIZED_AUTOS = YES_AGGRESSIVE;
				GCC_WARN_UNUSED_FUNCTION = YES;
				GCC_WARN_UNUSED_VARIABLE = YES;
				IPHONEOS_DEPLOYMENT_TARGET = 14.0;
				MTL_ENABLE_DEBUG_INFO = NO;
				MTL_FAST_MATH = YES;
				SDKROOT = iphoneos;
				SWIFT_COMPILATION_MODE = wholemodule;
				SWIFT_OPTIMIZATION_LEVEL = "-O";
				VALIDATE_PRODUCT = YES;
			};
			name = Release;
		};
		3412B3E12525B61400DA446D /* Debug */ = {
			isa = XCBuildConfiguration;
			buildSettings = {
				ASSETCATALOG_COMPILER_APPICON_NAME = AppIcon;
				ASSETCATALOG_COMPILER_GLOBAL_ACCENT_COLOR_NAME = AccentColor;
				CODE_SIGN_STYLE = Automatic;
				DEVELOPMENT_ASSET_PATHS = "\"HomeBugh/Preview Content\"";
				DEVELOPMENT_TEAM = 9487RPB949;
				ENABLE_PREVIEWS = YES;
				INFOPLIST_FILE = HomeBugh/Info.plist;
				IPHONEOS_DEPLOYMENT_TARGET = 14.0;
				LD_RUNPATH_SEARCH_PATHS = (
					"$(inherited)",
					"@executable_path/Frameworks",
				);
				PRODUCT_BUNDLE_IDENTIFIER = ck3g.tatarinteva.natalia.HomeBugh;
				PRODUCT_NAME = "$(TARGET_NAME)";
				SWIFT_VERSION = 5.0;
				TARGETED_DEVICE_FAMILY = "1,2";
			};
			name = Debug;
		};
		3412B3E22525B61400DA446D /* Release */ = {
			isa = XCBuildConfiguration;
			buildSettings = {
				ASSETCATALOG_COMPILER_APPICON_NAME = AppIcon;
				ASSETCATALOG_COMPILER_GLOBAL_ACCENT_COLOR_NAME = AccentColor;
				CODE_SIGN_STYLE = Automatic;
				DEVELOPMENT_ASSET_PATHS = "\"HomeBugh/Preview Content\"";
				DEVELOPMENT_TEAM = 9487RPB949;
				ENABLE_PREVIEWS = YES;
				INFOPLIST_FILE = HomeBugh/Info.plist;
				IPHONEOS_DEPLOYMENT_TARGET = 14.0;
				LD_RUNPATH_SEARCH_PATHS = (
					"$(inherited)",
					"@executable_path/Frameworks",
				);
				PRODUCT_BUNDLE_IDENTIFIER = ck3g.tatarinteva.natalia.HomeBugh;
				PRODUCT_NAME = "$(TARGET_NAME)";
				SWIFT_VERSION = 5.0;
				TARGETED_DEVICE_FAMILY = "1,2";
			};
			name = Release;
		};
		3412B3E42525B61400DA446D /* Debug */ = {
			isa = XCBuildConfiguration;
			buildSettings = {
				ALWAYS_EMBED_SWIFT_STANDARD_LIBRARIES = YES;
				BUNDLE_LOADER = "$(TEST_HOST)";
				CODE_SIGN_STYLE = Automatic;
				DEVELOPMENT_TEAM = 9487RPB949;
				INFOPLIST_FILE = HomeBughTests/Info.plist;
				IPHONEOS_DEPLOYMENT_TARGET = 14.0;
				LD_RUNPATH_SEARCH_PATHS = (
					"$(inherited)",
					"@executable_path/Frameworks",
					"@loader_path/Frameworks",
				);
				PRODUCT_BUNDLE_IDENTIFIER = ck3g.tatarinteva.natalia.HomeBughTests;
				PRODUCT_NAME = "$(TARGET_NAME)";
				SWIFT_VERSION = 5.0;
				TARGETED_DEVICE_FAMILY = "1,2";
				TEST_HOST = "$(BUILT_PRODUCTS_DIR)/HomeBugh.app/HomeBugh";
			};
			name = Debug;
		};
		3412B3E52525B61400DA446D /* Release */ = {
			isa = XCBuildConfiguration;
			buildSettings = {
				ALWAYS_EMBED_SWIFT_STANDARD_LIBRARIES = YES;
				BUNDLE_LOADER = "$(TEST_HOST)";
				CODE_SIGN_STYLE = Automatic;
				DEVELOPMENT_TEAM = 9487RPB949;
				INFOPLIST_FILE = HomeBughTests/Info.plist;
				IPHONEOS_DEPLOYMENT_TARGET = 14.0;
				LD_RUNPATH_SEARCH_PATHS = (
					"$(inherited)",
					"@executable_path/Frameworks",
					"@loader_path/Frameworks",
				);
				PRODUCT_BUNDLE_IDENTIFIER = ck3g.tatarinteva.natalia.HomeBughTests;
				PRODUCT_NAME = "$(TARGET_NAME)";
				SWIFT_VERSION = 5.0;
				TARGETED_DEVICE_FAMILY = "1,2";
				TEST_HOST = "$(BUILT_PRODUCTS_DIR)/HomeBugh.app/HomeBugh";
			};
			name = Release;
		};
		3412B3E72525B61400DA446D /* Debug */ = {
			isa = XCBuildConfiguration;
			buildSettings = {
				ALWAYS_EMBED_SWIFT_STANDARD_LIBRARIES = YES;
				CODE_SIGN_STYLE = Automatic;
				DEVELOPMENT_TEAM = 9487RPB949;
				INFOPLIST_FILE = HomeBughUITests/Info.plist;
				LD_RUNPATH_SEARCH_PATHS = (
					"$(inherited)",
					"@executable_path/Frameworks",
					"@loader_path/Frameworks",
				);
				PRODUCT_BUNDLE_IDENTIFIER = ck3g.tatarinteva.natalia.HomeBughUITests;
				PRODUCT_NAME = "$(TARGET_NAME)";
				SWIFT_VERSION = 5.0;
				TARGETED_DEVICE_FAMILY = "1,2";
				TEST_TARGET_NAME = HomeBugh;
			};
			name = Debug;
		};
		3412B3E82525B61400DA446D /* Release */ = {
			isa = XCBuildConfiguration;
			buildSettings = {
				ALWAYS_EMBED_SWIFT_STANDARD_LIBRARIES = YES;
				CODE_SIGN_STYLE = Automatic;
				DEVELOPMENT_TEAM = 9487RPB949;
				INFOPLIST_FILE = HomeBughUITests/Info.plist;
				LD_RUNPATH_SEARCH_PATHS = (
					"$(inherited)",
					"@executable_path/Frameworks",
					"@loader_path/Frameworks",
				);
				PRODUCT_BUNDLE_IDENTIFIER = ck3g.tatarinteva.natalia.HomeBughUITests;
				PRODUCT_NAME = "$(TARGET_NAME)";
				SWIFT_VERSION = 5.0;
				TARGETED_DEVICE_FAMILY = "1,2";
				TEST_TARGET_NAME = HomeBugh;
			};
			name = Release;
		};
/* End XCBuildConfiguration section */

/* Begin XCConfigurationList section */
		3412B3B62525B61200DA446D /* Build configuration list for PBXProject "HomeBugh" */ = {
			isa = XCConfigurationList;
			buildConfigurations = (
				3412B3DE2525B61400DA446D /* Debug */,
				3412B3DF2525B61400DA446D /* Release */,
			);
			defaultConfigurationIsVisible = 0;
			defaultConfigurationName = Release;
		};
		3412B3E02525B61400DA446D /* Build configuration list for PBXNativeTarget "HomeBugh" */ = {
			isa = XCConfigurationList;
			buildConfigurations = (
				3412B3E12525B61400DA446D /* Debug */,
				3412B3E22525B61400DA446D /* Release */,
			);
			defaultConfigurationIsVisible = 0;
			defaultConfigurationName = Release;
		};
		3412B3E32525B61400DA446D /* Build configuration list for PBXNativeTarget "HomeBughTests" */ = {
			isa = XCConfigurationList;
			buildConfigurations = (
				3412B3E42525B61400DA446D /* Debug */,
				3412B3E52525B61400DA446D /* Release */,
			);
			defaultConfigurationIsVisible = 0;
			defaultConfigurationName = Release;
		};
		3412B3E62525B61400DA446D /* Build configuration list for PBXNativeTarget "HomeBughUITests" */ = {
			isa = XCConfigurationList;
			buildConfigurations = (
				3412B3E72525B61400DA446D /* Debug */,
				3412B3E82525B61400DA446D /* Release */,
			);
			defaultConfigurationIsVisible = 0;
			defaultConfigurationName = Release;
		};
/* End XCConfigurationList section */
	};
	rootObject = 3412B3B32525B61200DA446D /* Project object */;
}
